
Microsoft Visual Studio Solution File, Format Version 12.00
# Visual Studio Version 17
VisualStudioVersion = 17.3.32929.385
MinimumVisualStudioVersion = 10.0.40219.1
Project("{FAE04EC0-301F-11D3-BF4B-00C04F79EFBC}") = "Druid Horoscope", "Druid Horoscope\Druid Horoscope.csproj", "{B4AF1A7E-B35C-4FDC-940E-9D39498D518A}"
EndProject
Global
	GlobalSection(SolutionConfigurationPlatforms) = preSolution
		Debug|Any CPU = Debug|Any CPU
		Release|Any CPU = Release|Any CPU
	EndGlobalSection
	GlobalSection(ProjectConfigurationPlatforms) = postSolution
		{B4AF1A7E-B35C-4FDC-940E-9D39498D518A}.Debug|Any CPU.ActiveCfg = Debug|Any CPU
		{B4AF1A7E-B35C-4FDC-940E-9D39498D518A}.Debug|Any CPU.Build.0 = Debug|Any CPU
		{B4AF1A7E-B35C-4FDC-940E-9D39498D518A}.Release|Any CPU.ActiveCfg = Release|Any CPU
		{B4AF1A7E-B35C-4FDC-940E-9D39498D518A}.Release|Any CPU.Build.0 = Release|Any CPU
	EndGlobalSection
	GlobalSection(SolutionProperties) = preSolution
		HideSolutionNode = FALSE
	EndGlobalSection
	GlobalSection(ExtensibilityGlobals) = postSolution
		SolutionGuid = {785349F2-A180-46BA-8FF2-AB6BA6DC986A}
	EndGlobalSection
EndGlobal
